Microsoft Visual Studio Solution File, Format Version 12.00
# Visual Studio Version 17
VisualStudioVersion = 17.3.32819.101
MinimumVisualStudioVersion = 15.0.26124.0
Project("{D954291E-2A0B-460D-934E-DC6B0785DB48}") = "CoffeeBrowser.Shared", "CoffeeBrowser.Shared\CoffeeBrowser.Shared.shproj", "{6279C845-92F8-4333-AB99-3D213163593C}"
EndProject
Project("{FAE04EC0-301F-11D3-BF4B-00C04F79EFBC}") = "CoffeeBrowser.Droid", "CoffeeBrowser.Droid\CoffeeBrowser.Droid.csproj", "{E20328D9-A622-4C22-8619-9F94C0F1225B}"
EndProject
Project("{FAE04EC0-301F-11D3-BF4B-00C04F79EFBC}") = "CoffeeBrowser.iOS", "CoffeeBrowser.iOS\CoffeeBrowser.iOS.csproj", "{400675CD-8B0E-4E17-89EB-0B1CC4A7EC64}"
EndProject
Project("{9A19103F-16F7-4668-BE54-9A1E7A4F7556}") = "CoffeeBrowser.Wasm", "CoffeeBrowser.Wasm\CoffeeBrowser.Wasm.csproj", "{40EA03F7-8A22-4143-B251-79BAC3EB13D2}"
EndProject
Project("{9A19103F-16F7-4668-BE54-9A1E7A4F7556}") = "CoffeeBrowser.Windows.Desktop", "CoffeeBrowser.Windows.Desktop\CoffeeBrowser.Windows.Desktop.csproj", "{1AA13270-F438-4864-9435-54FD806E10EA}"
EndProject
Project("{C7167F0D-BC9F-4E6E-AFE1-012C56B48DB5}") = "CoffeeBrowser.Windows.Package", "CoffeeBrowser.Windows.Package\CoffeeBrowser.Windows.Package.wapproj", "{D71E646B-837B-4C28-9E2D-28EF604DACB3}"
EndProject
Project("{2150E333-8FDC-42A3-9474-1A3956D46DE8}") = "Platforms", "Platforms", "{BEC483DA-4F19-4ECC-ABC2-1BEDC8048DE3}"
EndProject
Global
	GlobalSection(SolutionConfigurationPlatforms) = preSolution
		Ad-Hoc|Any CPU = Ad-Hoc|Any CPU
		Ad-Hoc|ARM = Ad-Hoc|ARM
		Ad-Hoc|ARM64 = Ad-Hoc|ARM64
		Ad-Hoc|iPhone = Ad-Hoc|iPhone
		Ad-Hoc|iPhoneSimulator = Ad-Hoc|iPhoneSimulator
		Ad-Hoc|x64 = Ad-Hoc|x64
		Ad-Hoc|x86 = Ad-Hoc|x86
		AppStore|Any CPU = AppStore|Any CPU
		AppStore|ARM = AppStore|ARM
		AppStore|ARM64 = AppStore|ARM64
		AppStore|iPhone = AppStore|iPhone
		AppStore|iPhoneSimulator = AppStore|iPhoneSimulator
		AppStore|x64 = AppStore|x64
		AppStore|x86 = AppStore|x86
		Debug|Any CPU = Debug|Any CPU
		Debug|ARM = Debug|ARM
		Debug|ARM64 = Debug|ARM64
		Debug|iPhone = Debug|iPhone
		Debug|iPhoneSimulator = Debug|iPhoneSimulator
		Debug|x64 = Debug|x64
		Debug|x86 = Debug|x86
		Release|Any CPU = Release|Any CPU
		Release|ARM = Release|ARM
		Release|ARM64 = Release|ARM64
		Release|iPhone = Release|iPhone
		Release|iPhoneSimulator = Release|iPhoneSimulator
		Release|x64 = Release|x64
		Release|x86 = Release|x86
	EndGlobalSection
	GlobalSection(ProjectConfigurationPlatforms) = postSolution
		{E20328D9-A622-4C22-8619-9F94C0F1225B}.Ad-Hoc|Any CPU.ActiveCfg = Release|Any CPU
		{E20328D9-A622-4C22-8619-9F94C0F1225B}.Ad-Hoc|Any CPU.Build.0 = Release|Any CPU
		{E20328D9-A622-4C22-8619-9F94C0F1225B}.Ad-Hoc|Any CPU.Deploy.0 = Release|Any CPU
		{E20328D9-A622-4C22-8619-9F94C0F1225B}.Ad-Hoc|ARM.ActiveCfg = Release|Any CPU
		{E20328D9-A622-4C22-8619-9F94C0F1225B}.Ad-Hoc|ARM.Build.0 = Release|Any CPU
		{E20328D9-A622-4C22-8619-9F94C0F1225B}.Ad-Hoc|ARM.Deploy.0 = Release|Any CPU
		{E20328D9-A622-4C22-8619-9F94C0F1225B}.Ad-Hoc|ARM64.ActiveCfg = Release|Any CPU
		{E20328D9-A622-4C22-8619-9F94C0F1225B}.Ad-Hoc|ARM64.Build.0 = Release|Any CPU
		{E20328D9-A622-4C22-8619-9F94C0F1225B}.Ad-Hoc|ARM64.Deploy.0 = Release|Any CPU
		{E20328D9-A622-4C22-8619-9F94C0F1225B}.Ad-Hoc|iPhone.ActiveCfg = Release|Any CPU
		{E20328D9-A622-4C22-8619-9F94C0F1225B}.Ad-Hoc|iPhone.Build.0 = Release|Any CPU
		{E20328D9-A622-4C22-8619-9F94C0F1225B}.Ad-Hoc|iPhone.Deploy.0 = Release|Any CPU
		{E20328D9-A622-4C22-8619-9F94C0F1225B}.Ad-Hoc|iPhoneSimulator.ActiveCfg = Release|Any CPU
		{E20328D9-A622-4C22-8619-9F94C0F1225B}.Ad-Hoc|iPhoneSimulator.Build.0 = Release|Any CPU
		{E20328D9-A622-4C22-8619-9F94C0F1225B}.Ad-Hoc|iPhoneSimulator.Deploy.0 = Release|Any CPU
		{E20328D9-A622-4C22-8619-9F94C0F1225B}.Ad-Hoc|x64.ActiveCfg = Release|Any CPU
		{E20328D9-A622-4C22-8619-9F94C0F1225B}.Ad-Hoc|x64.Build.0 = Release|Any CPU
		{E20328D9-A622-4C22-8619-9F94C0F1225B}.Ad-Hoc|x64.Deploy.0 = Release|Any CPU
		{E20328D9-A622-4C22-8619-9F94C0F1225B}.Ad-Hoc|x86.ActiveCfg = Release|Any CPU
		{E20328D9-A622-4C22-8619-9F94C0F1225B}.Ad-Hoc|x86.Build.0 = Release|Any CPU
		{E20328D9-A622-4C22-8619-9F94C0F1225B}.Ad-Hoc|x86.Deploy.0 = Release|Any CPU
		{E20328D9-A622-4C22-8619-9F94C0F1225B}.AppStore|Any CPU.ActiveCfg = Release|Any CPU
		{E20328D9-A622-4C22-8619-9F94C0F1225B}.AppStore|Any CPU.Build.0 = Release|Any CPU
		{E20328D9-A622-4C22-8619-9F94C0F1225B}.AppStore|Any CPU.Deploy.0 = Release|Any CPU
		{E20328D9-A622-4C22-8619-9F94C0F1225B}.AppStore|ARM.ActiveCfg = Release|Any CPU
		{E20328D9-A622-4C22-8619-9F94C0F1225B}.AppStore|ARM.Build.0 = Release|Any CPU
		{E20328D9-A622-4C22-8619-9F94C0F1225B}.AppStore|ARM.Deploy.0 = Release|Any CPU
		{E20328D9-A622-4C22-8619-9F94C0F1225B}.AppStore|ARM64.ActiveCfg = Release|Any CPU
		{E20328D9-A622-4C22-8619-9F94C0F1225B}.AppStore|ARM64.Build.0 = Release|Any CPU
		{E20328D9-A622-4C22-8619-9F94C0F1225B}.AppStore|ARM64.Deploy.0 = Release|Any CPU
		{E20328D9-A622-4C22-8619-9F94C0F1225B}.AppStore|iPhone.ActiveCfg = Release|Any CPU
		{E20328D9-A622-4C22-8619-9F94C0F1225B}.AppStore|iPhone.Build.0 = Release|Any CPU
		{E20328D9-A622-4C22-8619-9F94C0F1225B}.AppStore|iPhone.Deploy.0 = Release|Any CPU
		{E20328D9-A622-4C22-8619-9F94C0F1225B}.AppStore|iPhoneSimulator.ActiveCfg = Release|Any CPU
		{E20328D9-A622-4C22-8619-9F94C0F1225B}.AppStore|iPhoneSimulator.Build.0 = Release|Any CPU
		{E20328D9-A622-4C22-8619-9F94C0F1225B}.AppStore|iPhoneSimulator.Deploy.0 = Release|Any CPU
		{E20328D9-A622-4C22-8619-9F94C0F1225B}.AppStore|x64.ActiveCfg = Release|Any CPU
		{E20328D9-A622-4C22-8619-9F94C0F1225B}.AppStore|x64.Build.0 = Release|Any CPU
		{E20328D9-A622-4C22-8619-9F94C0F1225B}.AppStore|x64.Deploy.0 = Release|Any CPU
		{E20328D9-A622-4C22-8619-9F94C0F1225B}.AppStore|x86.ActiveCfg = Release|Any CPU
		{E20328D9-A622-4C22-8619-9F94C0F1225B}.AppStore|x86.Build.0 = Release|Any CPU
		{E20328D9-A622-4C22-8619-9F94C0F1225B}.AppStore|x86.Deploy.0 = Release|Any CPU
		{E20328D9-A622-4C22-8619-9F94C0F1225B}.Debug|Any CPU.ActiveCfg = Debug|Any CPU
		{E20328D9-A622-4C22-8619-9F94C0F1225B}.Debug|Any CPU.Build.0 = Debug|Any CPU
		{E20328D9-A622-4C22-8619-9F94C0F1225B}.Debug|Any CPU.Deploy.0 = Debug|Any CPU
		{E20328D9-A622-4C22-8619-9F94C0F1225B}.Debug|ARM.ActiveCfg = Debug|Any CPU
		{E20328D9-A622-4C22-8619-9F94C0F1225B}.Debug|ARM.Build.0 = Debug|Any CPU
		{E20328D9-A622-4C22-8619-9F94C0F1225B}.Debug|ARM.Deploy.0 = Debug|Any CPU
		{E20328D9-A622-4C22-8619-9F94C0F1225B}.Debug|ARM64.ActiveCfg = Debug|Any CPU
		{E20328D9-A622-4C22-8619-9F94C0F1225B}.Debug|ARM64.Build.0 = Debug|Any CPU
		{E20328D9-A622-4C22-8619-9F94C0F1225B}.Debug|ARM64.Deploy.0 = Debug|Any CPU
		{E20328D9-A622-4C22-8619-9F94C0F1225B}.Debug|iPhone.ActiveCfg = Debug|Any CPU
		{E20328D9-A622-4C22-8619-9F94C0F1225B}.Debug|iPhone.Build.0 = Debug|Any CPU
		{E20328D9-A622-4C22-8619-9F94C0F1225B}.Debug|iPhone.Deploy.0 = Debug|Any CPU
		{E20328D9-A622-4C22-8619-9F94C0F1225B}.Debug|iPhoneSimulator.ActiveCfg = Debug|Any CPU
		{E20328D9-A622-4C22-8619-9F94C0F1225B}.Debug|iPhoneSimulator.Build.0 = Debug|Any CPU
		{E20328D9-A622-4C22-8619-9F94C0F1225B}.Debug|iPhoneSimulator.Deploy.0 = Debug|Any CPU
		{E20328D9-A622-4C22-8619-9F94C0F1225B}.Debug|x64.ActiveCfg = Debug|Any CPU
		{E20328D9-A622-4C22-8619-9F94C0F1225B}.Debug|x64.Build.0 = Debug|Any CPU
		{E20328D9-A622-4C22-8619-9F94C0F1225B}.Debug|x64.Deploy.0 = Debug|Any CPU
		{E20328D9-A622-4C22-8619-9F94C0F1225B}.Debug|x86.ActiveCfg = Debug|Any CPU
		{E20328D9-A622-4C22-8619-9F94C0F1225B}.Debug|x86.Build.0 = Debug|Any CPU
		{E20328D9-A622-4C22-8619-9F94C0F1225B}.Debug|x86.Deploy.0 = Debug|Any CPU
		{E20328D9-A622-4C22-8619-9F94C0F1225B}.Release|Any CPU.ActiveCfg = Release|Any CPU
		{E20328D9-A622-4C22-8619-9F94C0F1225B}.Release|Any CPU.Build.0 = Release|Any CPU
		{E20328D9-A622-4C22-8619-9F94C0F1225B}.Release|Any CPU.Deploy.0 = Release|Any CPU
		{E20328D9-A622-4C22-8619-9F94C0F1225B}.Release|ARM.ActiveCfg = Release|Any CPU
		{E20328D9-A622-4C22-8619-9F94C0F1225B}.Release|ARM.Build.0 = Release|Any CPU
		{E20328D9-A622-4C22-8619-9F94C0F1225B}.Release|ARM.Deploy.0 = Release|Any CPU
		{E20328D9-A622-4C22-8619-9F94C0F1225B}.Release|ARM64.ActiveCfg = Release|Any CPU
		{E20328D9-A622-4C22-8619-9F94C0F1225B}.Release|ARM64.Build.0 = Release|Any CPU
		{E20328D9-A622-4C22-8619-9F94C0F1225B}.Release|ARM64.Deploy.0 = Release|Any CPU
		{E20328D9-A622-4C22-8619-9F94C0F1225B}.Release|iPhone.ActiveCfg = Release|Any CPU
		{E20328D9-A622-4C22-8619-9F94C0F1225B}.Release|iPhone.Build.0 = Release|Any CPU
		{E20328D9-A622-4C22-8619-9F94C0F1225B}.Release|iPhone.Deploy.0 = Release|Any CPU
		{E20328D9-A622-4C22-8619-9F94C0F1225B}.Release|iPhoneSimulator.ActiveCfg = Release|Any CPU
		{E20328D9-A622-4C22-8619-9F94C0F1225B}.Release|iPhoneSimulator.Build.0 = Release|Any CPU
		{E20328D9-A622-4C22-8619-9F94C0F1225B}.Release|iPhoneSimulator.Deploy.0 = Release|Any CPU
		{E20328D9-A622-4C22-8619-9F94C0F1225B}.Release|x64.ActiveCfg = Release|Any CPU
		{E20328D9-A622-4C22-8619-9F94C0F1225B}.Release|x64.Build.0 = Release|Any CPU
		{E20328D9-A622-4C22-8619-9F94C0F1225B}.Release|x64.Deploy.0 = Release|Any CPU
		{E20328D9-A622-4C22-8619-9F94C0F1225B}.Release|x86.ActiveCfg = Release|Any CPU
		{E20328D9-A622-4C22-8619-9F94C0F1225B}.Release|x86.Build.0 = Release|Any CPU
		{E20328D9-A622-4C22-8619-9F94C0F1225B}.Release|x86.Deploy.0 = Release|Any CPU
		{400675CD-8B0E-4E17-89EB-0B1CC4A7EC64}.Ad-Hoc|Any CPU.ActiveCfg = Ad-Hoc|iPhoneSimulator
		{400675CD-8B0E-4E17-89EB-0B1CC4A7EC64}.Ad-Hoc|Any CPU.Build.0 = Ad-Hoc|iPhoneSimulator
		{400675CD-8B0E-4E17-89EB-0B1CC4A7EC64}.Ad-Hoc|ARM.ActiveCfg = Ad-Hoc|iPhoneSimulator
		{400675CD-8B0E-4E17-89EB-0B1CC4A7EC64}.Ad-Hoc|ARM.Build.0 = Ad-Hoc|iPhoneSimulator
		{400675CD-8B0E-4E17-89EB-0B1CC4A7EC64}.Ad-Hoc|ARM64.ActiveCfg = Ad-Hoc|iPhoneSimulator
		{400675CD-8B0E-4E17-89EB-0B1CC4A7EC64}.Ad-Hoc|ARM64.Build.0 = Ad-Hoc|iPhoneSimulator
		{400675CD-8B0E-4E17-89EB-0B1CC4A7EC64}.Ad-Hoc|iPhone.ActiveCfg = Ad-Hoc|iPhone
		{400675CD-8B0E-4E17-89EB-0B1CC4A7EC64}.Ad-Hoc|iPhone.Build.0 = Ad-Hoc|iPhone
		{400675CD-8B0E-4E17-89EB-0B1CC4A7EC64}.Ad-Hoc|iPhoneSimulator.ActiveCfg = Ad-Hoc|iPhoneSimulator
		{400675CD-8B0E-4E17-89EB-0B1CC4A7EC64}.Ad-Hoc|iPhoneSimulator.Build.0 = Ad-Hoc|iPhoneSimulator
		{400675CD-8B0E-4E17-89EB-0B1CC4A7EC64}.Ad-Hoc|x64.ActiveCfg = Ad-Hoc|iPhoneSimulator
		{400675CD-8B0E-4E17-89EB-0B1CC4A7EC64}.Ad-Hoc|x64.Build.0 = Ad-Hoc|iPhoneSimulator
		{400675CD-8B0E-4E17-89EB-0B1CC4A7EC64}.Ad-Hoc|x86.ActiveCfg = Ad-Hoc|iPhoneSimulator
		{400675CD-8B0E-4E17-89EB-0B1CC4A7EC64}.Ad-Hoc|x86.Build.0 = Ad-Hoc|iPhoneSimulator
		{400675CD-8B0E-4E17-89EB-0B1CC4A7EC64}.AppStore|Any CPU.ActiveCfg = AppStore|iPhoneSimulator
		{400675CD-8B0E-4E17-89EB-0B1CC4A7EC64}.AppStore|Any CPU.Build.0 = AppStore|iPhoneSimulator
		{400675CD-8B0E-4E17-89EB-0B1CC4A7EC64}.AppStore|ARM.ActiveCfg = AppStore|iPhoneSimulator
		{400675CD-8B0E-4E17-89EB-0B1CC4A7EC64}.AppStore|ARM.Build.0 = AppStore|iPhoneSimulator
		{400675CD-8B0E-4E17-89EB-0B1CC4A7EC64}.AppStore|ARM64.ActiveCfg = AppStore|iPhoneSimulator
		{400675CD-8B0E-4E17-89EB-0B1CC4A7EC64}.AppStore|ARM64.Build.0 = AppStore|iPhoneSimulator
		{400675CD-8B0E-4E17-89EB-0B1CC4A7EC64}.AppStore|iPhone.ActiveCfg = AppStore|iPhone
		{400675CD-8B0E-4E17-89EB-0B1CC4A7EC64}.AppStore|iPhone.Build.0 = AppStore|iPhone
		{400675CD-8B0E-4E17-89EB-0B1CC4A7EC64}.AppStore|iPhoneSimulator.ActiveCfg = AppStore|iPhoneSimulator
		{400675CD-8B0E-4E17-89EB-0B1CC4A7EC64}.AppStore|iPhoneSimulator.Build.0 = AppStore|iPhoneSimulator
		{400675CD-8B0E-4E17-89EB-0B1CC4A7EC64}.AppStore|x64.ActiveCfg = AppStore|iPhoneSimulator
		{400675CD-8B0E-4E17-89EB-0B1CC4A7EC64}.AppStore|x64.Build.0 = AppStore|iPhoneSimulator
		{400675CD-8B0E-4E17-89EB-0B1CC4A7EC64}.AppStore|x86.ActiveCfg = AppStore|iPhoneSimulator
		{400675CD-8B0E-4E17-89EB-0B1CC4A7EC64}.AppStore|x86.Build.0 = AppStore|iPhoneSimulator
		{400675CD-8B0E-4E17-89EB-0B1CC4A7EC64}.Debug|Any CPU.ActiveCfg = Debug|iPhone
		{400675CD-8B0E-4E17-89EB-0B1CC4A7EC64}.Debug|Any CPU.Build.0 = Debug|iPhone
		{400675CD-8B0E-4E17-89EB-0B1CC4A7EC64}.Debug|Any CPU.Deploy.0 = Debug|iPhone
		{400675CD-8B0E-4E17-89EB-0B1CC4A7EC64}.Debug|ARM.ActiveCfg = Debug|iPhone
		{400675CD-8B0E-4E17-89EB-0B1CC4A7EC64}.Debug|ARM64.ActiveCfg = Debug|iPhone
		{400675CD-8B0E-4E17-89EB-0B1CC4A7EC64}.Debug|iPhone.ActiveCfg = Debug|iPhone
		{400675CD-8B0E-4E17-89EB-0B1CC4A7EC64}.Debug|iPhone.Build.0 = Debug|iPhone
		{400675CD-8B0E-4E17-89EB-0B1CC4A7EC64}.Debug|iPhoneSimulator.ActiveCfg = Debug|iPhoneSimulator
		{400675CD-8B0E-4E17-89EB-0B1CC4A7EC64}.Debug|iPhoneSimulator.Build.0 = Debug|iPhoneSimulator
		{400675CD-8B0E-4E17-89EB-0B1CC4A7EC64}.Debug|x64.ActiveCfg = Debug|iPhone
		{400675CD-8B0E-4E17-89EB-0B1CC4A7EC64}.Debug|x64.Build.0 = Debug|iPhone
		{400675CD-8B0E-4E17-89EB-0B1CC4A7EC64}.Debug|x64.Deploy.0 = Debug|iPhone
		{400675CD-8B0E-4E17-89EB-0B1CC4A7EC64}.Debug|x86.ActiveCfg = Debug|iPhoneSimulator
		{400675CD-8B0E-4E17-89EB-0B1CC4A7EC64}.Debug|x86.Build.0 = Debug|iPhoneSimulator
		{400675CD-8B0E-4E17-89EB-0B1CC4A7EC64}.Debug|x86.Deploy.0 = Debug|iPhoneSimulator
		{400675CD-8B0E-4E17-89EB-0B1CC4A7EC64}.Release|Any CPU.ActiveCfg = Release|iPhone
		{400675CD-8B0E-4E17-89EB-0B1CC4A7EC64}.Release|ARM.ActiveCfg = Release|iPhone
		{400675CD-8B0E-4E17-89EB-0B1CC4A7EC64}.Release|ARM64.ActiveCfg = Release|iPhone
		{400675CD-8B0E-4E17-89EB-0B1CC4A7EC64}.Release|iPhone.ActiveCfg = Release|iPhone
		{400675CD-8B0E-4E17-89EB-0B1CC4A7EC64}.Release|iPhone.Build.0 = Release|iPhone
		{400675CD-8B0E-4E17-89EB-0B1CC4A7EC64}.Release|iPhoneSimulator.ActiveCfg = Release|iPhoneSimulator
		{400675CD-8B0E-4E17-89EB-0B1CC4A7EC64}.Release|iPhoneSimulator.Build.0 = Release|iPhoneSimulator
		{400675CD-8B0E-4E17-89EB-0B1CC4A7EC64}.Release|x64.ActiveCfg = Release|iPhoneSimulator
		{400675CD-8B0E-4E17-89EB-0B1CC4A7EC64}.Release|x64.Build.0 = Release|iPhoneSimulator
		{400675CD-8B0E-4E17-89EB-0B1CC4A7EC64}.Release|x64.Deploy.0 = Release|iPhoneSimulator
		{400675CD-8B0E-4E17-89EB-0B1CC4A7EC64}.Release|x86.ActiveCfg = Release|iPhoneSimulator
		{400675CD-8B0E-4E17-89EB-0B1CC4A7EC64}.Release|x86.Build.0 = Release|iPhoneSimulator
		{40EA03F7-8A22-4143-B251-79BAC3EB13D2}.Ad-Hoc|Any CPU.ActiveCfg = Release|Any CPU
		{40EA03F7-8A22-4143-B251-79BAC3EB13D2}.Ad-Hoc|Any CPU.Build.0 = Release|Any CPU
		{40EA03F7-8A22-4143-B251-79BAC3EB13D2}.Ad-Hoc|ARM.ActiveCfg = Release|Any CPU
		{40EA03F7-8A22-4143-B251-79BAC3EB13D2}.Ad-Hoc|ARM.Build.0 = Release|Any CPU
		{40EA03F7-8A22-4143-B251-79BAC3EB13D2}.Ad-Hoc|ARM64.ActiveCfg = Release|Any CPU
		{40EA03F7-8A22-4143-B251-79BAC3EB13D2}.Ad-Hoc|ARM64.Build.0 = Release|Any CPU
		{40EA03F7-8A22-4143-B251-79BAC3EB13D2}.Ad-Hoc|iPhone.ActiveCfg = Release|Any CPU
		{40EA03F7-8A22-4143-B251-79BAC3EB13D2}.Ad-Hoc|iPhone.Build.0 = Release|Any CPU
		{40EA03F7-8A22-4143-B251-79BAC3EB13D2}.Ad-Hoc|iPhoneSimulator.ActiveCfg = Release|Any CPU
		{40EA03F7-8A22-4143-B251-79BAC3EB13D2}.Ad-Hoc|iPhoneSimulator.Build.0 = Release|Any CPU
		{40EA03F7-8A22-4143-B251-79BAC3EB13D2}.Ad-Hoc|x64.ActiveCfg = Release|Any CPU
		{40EA03F7-8A22-4143-B251-79BAC3EB13D2}.Ad-Hoc|x64.Build.0 = Release|Any CPU
		{40EA03F7-8A22-4143-B251-79BAC3EB13D2}.Ad-Hoc|x86.ActiveCfg = Release|Any CPU
		{40EA03F7-8A22-4143-B251-79BAC3EB13D2}.Ad-Hoc|x86.Build.0 = Release|Any CPU
		{40EA03F7-8A22-4143-B251-79BAC3EB13D2}.AppStore|Any CPU.ActiveCfg = Release|Any CPU
		{40EA03F7-8A22-4143-B251-79BAC3EB13D2}.AppStore|Any CPU.Build.0 = Release|Any CPU
		{40EA03F7-8A22-4143-B251-79BAC3EB13D2}.AppStore|ARM.ActiveCfg = Release|Any CPU
		{40EA03F7-8A22-4143-B251-79BAC3EB13D2}.AppStore|ARM.Build.0 = Release|Any CPU
		{40EA03F7-8A22-4143-B251-79BAC3EB13D2}.AppStore|ARM64.ActiveCfg = Release|Any CPU
		{40EA03F7-8A22-4143-B251-79BAC3EB13D2}.AppStore|ARM64.Build.0 = Release|Any CPU
		{40EA03F7-8A22-4143-B251-79BAC3EB13D2}.AppStore|iPhone.ActiveCfg = Release|Any CPU
		{40EA03F7-8A22-4143-B251-79BAC3EB13D2}.AppStore|iPhone.Build.0 = Release|Any CPU
		{40EA03F7-8A22-4143-B251-79BAC3EB13D2}.AppStore|iPhoneSimulator.ActiveCfg = Release|Any CPU
		{40EA03F7-8A22-4143-B251-79BAC3EB13D2}.AppStore|iPhoneSimulator.Build.0 = Release|Any CPU
		{40EA03F7-8A22-4143-B251-79BAC3EB13D2}.AppStore|x64.ActiveCfg = Release|Any CPU
		{40EA03F7-8A22-4143-B251-79BAC3EB13D2}.AppStore|x64.Build.0 = Release|Any CPU
		{40EA03F7-8A22-4143-B251-79BAC3EB13D2}.AppStore|x86.ActiveCfg = Release|Any CPU
		{40EA03F7-8A22-4143-B251-79BAC3EB13D2}.AppStore|x86.Build.0 = Release|Any CPU
		{40EA03F7-8A22-4143-B251-79BAC3EB13D2}.Debug|Any CPU.ActiveCfg = Debug|Any CPU
		{40EA03F7-8A22-4143-B251-79BAC3EB13D2}.Debug|Any CPU.Build.0 = Debug|Any CPU
		{40EA03F7-8A22-4143-B251-79BAC3EB13D2}.Debug|ARM.ActiveCfg = Debug|Any CPU
		{40EA03F7-8A22-4143-B251-79BAC3EB13D2}.Debug|ARM.Build.0 = Debug|Any CPU
		{40EA03F7-8A22-4143-B251-79BAC3EB13D2}.Debug|ARM64.ActiveCfg = Debug|Any CPU
		{40EA03F7-8A22-4143-B251-79BAC3EB13D2}.Debug|ARM64.Build.0 = Debug|Any CPU
		{40EA03F7-8A22-4143-B251-79BAC3EB13D2}.Debug|iPhone.ActiveCfg = Debug|Any CPU
		{40EA03F7-8A22-4143-B251-79BAC3EB13D2}.Debug|iPhone.Build.0 = Debug|Any CPU
		{40EA03F7-8A22-4143-B251-79BAC3EB13D2}.Debug|iPhoneSimulator.ActiveCfg = Debug|Any CPU
		{40EA03F7-8A22-4143-B251-79BAC3EB13D2}.Debug|iPhoneSimulator.Build.0 = Debug|Any CPU
		{40EA03F7-8A22-4143-B251-79BAC3EB13D2}.Debug|x64.ActiveCfg = Debug|Any CPU
		{40EA03F7-8A22-4143-B251-79BAC3EB13D2}.Debug|x64.Build.0 = Debug|Any CPU
		{40EA03F7-8A22-4143-B251-79BAC3EB13D2}.Debug|x86.ActiveCfg = Debug|Any CPU
		{40EA03F7-8A22-4143-B251-79BAC3EB13D2}.Debug|x86.Build.0 = Debug|Any CPU
		{40EA03F7-8A22-4143-B251-79BAC3EB13D2}.Release|Any CPU.ActiveCfg = Release|Any CPU
		{40EA03F7-8A22-4143-B251-79BAC3EB13D2}.Release|Any CPU.Build.0 = Release|Any CPU
		{40EA03F7-8A22-4143-B251-79BAC3EB13D2}.Release|ARM.ActiveCfg = Release|Any CPU
		{40EA03F7-8A22-4143-B251-79BAC3EB13D2}.Release|ARM.Build.0 = Release|Any CPU
		{40EA03F7-8A22-4143-B251-79BAC3EB13D2}.Release|ARM64.ActiveCfg = Release|Any CPU
		{40EA03F7-8A22-4143-B251-79BAC3EB13D2}.Release|ARM64.Build.0 = Release|Any CPU
		{40EA03F7-8A22-4143-B251-79BAC3EB13D2}.Release|iPhone.ActiveCfg = Release|Any CPU
		{40EA03F7-8A22-4143-B251-79BAC3EB13D2}.Release|iPhone.Build.0 = Release|Any CPU
		{40EA03F7-8A22-4143-B251-79BAC3EB13D2}.Release|iPhoneSimulator.ActiveCfg = Release|Any CPU
		{40EA03F7-8A22-4143-B251-79BAC3EB13D2}.Release|iPhoneSimulator.Build.0 = Release|Any CPU
		{40EA03F7-8A22-4143-B251-79BAC3EB13D2}.Release|x64.ActiveCfg = Release|Any CPU
		{40EA03F7-8A22-4143-B251-79BAC3EB13D2}.Release|x64.Build.0 = Release|Any CPU
		{40EA03F7-8A22-4143-B251-79BAC3EB13D2}.Release|x86.ActiveCfg = Release|Any CPU
		{40EA03F7-8A22-4143-B251-79BAC3EB13D2}.Release|x86.Build.0 = Release|Any CPU
		{1AA13270-F438-4864-9435-54FD806E10EA}.Ad-Hoc|Any CPU.ActiveCfg = Release|Any CPU
		{1AA13270-F438-4864-9435-54FD806E10EA}.Ad-Hoc|Any CPU.Build.0 = Release|Any CPU
		{1AA13270-F438-4864-9435-54FD806E10EA}.Ad-Hoc|ARM.ActiveCfg = Release|Any CPU
		{1AA13270-F438-4864-9435-54FD806E10EA}.Ad-Hoc|ARM.Build.0 = Release|Any CPU
		{1AA13270-F438-4864-9435-54FD806E10EA}.Ad-Hoc|ARM64.ActiveCfg = Debug|arm64
		{1AA13270-F438-4864-9435-54FD806E10EA}.Ad-Hoc|ARM64.Build.0 = Debug|arm64
		{1AA13270-F438-4864-9435-54FD806E10EA}.Ad-Hoc|iPhone.ActiveCfg = Release|Any CPU
		{1AA13270-F438-4864-9435-54FD806E10EA}.Ad-Hoc|iPhone.Build.0 = Release|Any CPU
		{1AA13270-F438-4864-9435-54FD806E10EA}.Ad-Hoc|iPhoneSimulator.ActiveCfg = Release|Any CPU
		{1AA13270-F438-4864-9435-54FD806E10EA}.Ad-Hoc|iPhoneSimulator.Build.0 = Release|Any CPU
		{1AA13270-F438-4864-9435-54FD806E10EA}.Ad-Hoc|x64.ActiveCfg = Debug|x64
		{1AA13270-F438-4864-9435-54FD806E10EA}.Ad-Hoc|x64.Build.0 = Debug|x64
		{1AA13270-F438-4864-9435-54FD806E10EA}.Ad-Hoc|x86.ActiveCfg = Release|x86
		{1AA13270-F438-4864-9435-54FD806E10EA}.Ad-Hoc|x86.Build.0 = Release|x86
		{1AA13270-F438-4864-9435-54FD806E10EA}.AppStore|Any CPU.ActiveCfg = Release|Any CPU
		{1AA13270-F438-4864-9435-54FD806E10EA}.AppStore|Any CPU.Build.0 = Release|Any CPU
		{1AA13270-F438-4864-9435-54FD806E10EA}.AppStore|ARM.ActiveCfg = Release|Any CPU
		{1AA13270-F438-4864-9435-54FD806E10EA}.AppStore|ARM.Build.0 = Release|Any CPU
		{1AA13270-F438-4864-9435-54FD806E10EA}.AppStore|ARM64.ActiveCfg = Debug|arm64
		{1AA13270-F438-4864-9435-54FD806E10EA}.AppStore|ARM64.Build.0 = Debug|arm64
		{1AA13270-F438-4864-9435-54FD806E10EA}.AppStore|iPhone.ActiveCfg = Release|Any CPU
		{1AA13270-F438-4864-9435-54FD806E10EA}.AppStore|iPhone.Build.0 = Release|Any CPU
		{1AA13270-F438-4864-9435-54FD806E10EA}.AppStore|iPhoneSimulator.ActiveCfg = Release|Any CPU
		{1AA13270-F438-4864-9435-54FD806E10EA}.AppStore|iPhoneSimulator.Build.0 = Release|Any CPU
		{1AA13270-F438-4864-9435-54FD806E10EA}.AppStore|x64.ActiveCfg = Debug|x64
		{1AA13270-F438-4864-9435-54FD806E10EA}.AppStore|x64.Build.0 = Debug|x64
		{1AA13270-F438-4864-9435-54FD806E10EA}.AppStore|x86.ActiveCfg = Release|x86
		{1AA13270-F438-4864-9435-54FD806E10EA}.AppStore|x86.Build.0 = Release|x86
		{1AA13270-F438-4864-9435-54FD806E10EA}.Debug|Any CPU.ActiveCfg = Debug|x64
		{1AA13270-F438-4864-9435-54FD806E10EA}.Debug|Any CPU.Build.0 = Debug|x64
		{1AA13270-F438-4864-9435-54FD806E10EA}.Debug|ARM.ActiveCfg = Debug|Any CPU
		{1AA13270-F438-4864-9435-54FD806E10EA}.Debug|ARM.Build.0 = Debug|Any CPU
		{1AA13270-F438-4864-9435-54FD806E10EA}.Debug|ARM64.ActiveCfg = Debug|x86
		{1AA13270-F438-4864-9435-54FD806E10EA}.Debug|ARM64.Build.0 = Debug|x86
		{1AA13270-F438-4864-9435-54FD806E10EA}.Debug|iPhone.ActiveCfg = Debug|Any CPU
		{1AA13270-F438-4864-9435-54FD806E10EA}.Debug|iPhone.Build.0 = Debug|Any CPU
		{1AA13270-F438-4864-9435-54FD806E10EA}.Debug|iPhoneSimulator.ActiveCfg = Debug|Any CPU
		{1AA13270-F438-4864-9435-54FD806E10EA}.Debug|iPhoneSimulator.Build.0 = Debug|Any CPU
		{1AA13270-F438-4864-9435-54FD806E10EA}.Debug|x64.ActiveCfg = Debug|x86
		{1AA13270-F438-4864-9435-54FD806E10EA}.Debug|x64.Build.0 = Debug|x86
		{1AA13270-F438-4864-9435-54FD806E10EA}.Debug|x86.ActiveCfg = Debug|x86
		{1AA13270-F438-4864-9435-54FD806E10EA}.Debug|x86.Build.0 = Debug|x86
		{1AA13270-F438-4864-9435-54FD806E10EA}.Release|Any CPU.ActiveCfg = Release|Any CPU
		{1AA13270-F438-4864-9435-54FD806E10EA}.Release|Any CPU.Build.0 = Release|Any CPU
		{1AA13270-F438-4864-9435-54FD806E10EA}.Release|ARM.ActiveCfg = Release|Any CPU
		{1AA13270-F438-4864-9435-54FD806E10EA}.Release|ARM.Build.0 = Release|Any CPU
		{1AA13270-F438-4864-9435-54FD806E10EA}.Release|ARM64.ActiveCfg = Release|x86
		{1AA13270-F438-4864-9435-54FD806E10EA}.Release|ARM64.Build.0 = Release|x86
		{1AA13270-F438-4864-9435-54FD806E10EA}.Release|iPhone.ActiveCfg = Release|Any CPU
		{1AA13270-F438-4864-9435-54FD806E10EA}.Release|iPhone.Build.0 = Release|Any CPU
		{1AA13270-F438-4864-9435-54FD806E10EA}.Release|iPhoneSimulator.ActiveCfg = Release|Any CPU
		{1AA13270-F438-4864-9435-54FD806E10EA}.Release|iPhoneSimulator.Build.0 = Release|Any CPU
		{1AA13270-F438-4864-9435-54FD806E10EA}.Release|x64.ActiveCfg = Release|x86
		{1AA13270-F438-4864-9435-54FD806E10EA}.Release|x64.Build.0 = Release|x86
		{1AA13270-F438-4864-9435-54FD806E10EA}.Release|x86.ActiveCfg = Release|x86
		{1AA13270-F438-4864-9435-54FD806E10EA}.Release|x86.Build.0 = Release|x86
		{D71E646B-837B-4C28-9E2D-28EF604DACB3}.Ad-Hoc|Any CPU.ActiveCfg = Debug|x64
		{D71E646B-837B-4C28-9E2D-28EF604DACB3}.Ad-Hoc|Any CPU.Build.0 = Debug|x64
		{D71E646B-837B-4C28-9E2D-28EF604DACB3}.Ad-Hoc|Any CPU.Deploy.0 = Debug|x64
		{D71E646B-837B-4C28-9E2D-28EF604DACB3}.Ad-Hoc|ARM.ActiveCfg = Debug|x64
		{D71E646B-837B-4C28-9E2D-28EF604DACB3}.Ad-Hoc|ARM.Build.0 = Debug|x64
		{D71E646B-837B-4C28-9E2D-28EF604DACB3}.Ad-Hoc|ARM.Deploy.0 = Debug|x64
		{D71E646B-837B-4C28-9E2D-28EF604DACB3}.Ad-Hoc|ARM64.ActiveCfg = Debug|arm64
		{D71E646B-837B-4C28-9E2D-28EF604DACB3}.Ad-Hoc|ARM64.Build.0 = Debug|arm64
		{D71E646B-837B-4C28-9E2D-28EF604DACB3}.Ad-Hoc|ARM64.Deploy.0 = Debug|arm64
		{D71E646B-837B-4C28-9E2D-28EF604DACB3}.Ad-Hoc|iPhone.ActiveCfg = Debug|x64
		{D71E646B-837B-4C28-9E2D-28EF604DACB3}.Ad-Hoc|iPhone.Build.0 = Debug|x64
		{D71E646B-837B-4C28-9E2D-28EF604DACB3}.Ad-Hoc|iPhone.Deploy.0 = Debug|x64
		{D71E646B-837B-4C28-9E2D-28EF604DACB3}.Ad-Hoc|iPhoneSimulator.ActiveCfg = Debug|x64
		{D71E646B-837B-4C28-9E2D-28EF604DACB3}.Ad-Hoc|iPhoneSimulator.Build.0 = Debug|x64
		{D71E646B-837B-4C28-9E2D-28EF604DACB3}.Ad-Hoc|iPhoneSimulator.Deploy.0 = Debug|x64
		{D71E646B-837B-4C28-9E2D-28EF604DACB3}.Ad-Hoc|x64.ActiveCfg = Debug|x64
		{D71E646B-837B-4C28-9E2D-28EF604DACB3}.Ad-Hoc|x64.Build.0 = Debug|x64
		{D71E646B-837B-4C28-9E2D-28EF604DACB3}.Ad-Hoc|x64.Deploy.0 = Debug|x64
		{D71E646B-837B-4C28-9E2D-28EF604DACB3}.Ad-Hoc|x86.ActiveCfg = Debug|x86
		{D71E646B-837B-4C28-9E2D-28EF604DACB3}.Ad-Hoc|x86.Build.0 = Debug|x86
		{D71E646B-837B-4C28-9E2D-28EF604DACB3}.Ad-Hoc|x86.Deploy.0 = Debug|x86
		{D71E646B-837B-4C28-9E2D-28EF604DACB3}.AppStore|Any CPU.ActiveCfg = Debug|x64
		{D71E646B-837B-4C28-9E2D-28EF604DACB3}.AppStore|Any CPU.Build.0 = Debug|x64
		{D71E646B-837B-4C28-9E2D-28EF604DACB3}.AppStore|Any CPU.Deploy.0 = Debug|x64
		{D71E646B-837B-4C28-9E2D-28EF604DACB3}.AppStore|ARM.ActiveCfg = Debug|x64
		{D71E646B-837B-4C28-9E2D-28EF604DACB3}.AppStore|ARM.Build.0 = Debug|x64
		{D71E646B-837B-4C28-9E2D-28EF604DACB3}.AppStore|ARM.Deploy.0 = Debug|x64
		{D71E646B-837B-4C28-9E2D-28EF604DACB3}.AppStore|ARM64.ActiveCfg = Debug|arm64
		{D71E646B-837B-4C28-9E2D-28EF604DACB3}.AppStore|ARM64.Build.0 = Debug|arm64
		{D71E646B-837B-4C28-9E2D-28EF604DACB3}.AppStore|ARM64.Deploy.0 = Debug|arm64
		{D71E646B-837B-4C28-9E2D-28EF604DACB3}.AppStore|iPhone.ActiveCfg = Debug|x64
		{D71E646B-837B-4C28-9E2D-28EF604DACB3}.AppStore|iPhone.Build.0 = Debug|x64
		{D71E646B-837B-4C28-9E2D-28EF604DACB3}.AppStore|iPhone.Deploy.0 = Debug|x64
		{D71E646B-837B-4C28-9E2D-28EF604DACB3}.AppStore|iPhoneSimulator.ActiveCfg = Debug|x64
		{D71E646B-837B-4C28-9E2D-28EF604DACB3}.AppStore|iPhoneSimulator.Build.0 = Debug|x64
		{D71E646B-837B-4C28-9E2D-28EF604DACB3}.AppStore|iPhoneSimulator.Deploy.0 = Debug|x64
		{D71E646B-837B-4C28-9E2D-28EF604DACB3}.AppStore|x64.ActiveCfg = Debug|x64
		{D71E646B-837B-4C28-9E2D-28EF604DACB3}.AppStore|x64.Build.0 = Debug|x64
		{D71E646B-837B-4C28-9E2D-28EF604DACB3}.AppStore|x64.Deploy.0 = Debug|x64
		{D71E646B-837B-4C28-9E2D-28EF604DACB3}.AppStore|x86.ActiveCfg = Debug|x86
		{D71E646B-837B-4C28-9E2D-28EF604DACB3}.AppStore|x86.Build.0 = Debug|x86
		{D71E646B-837B-4C28-9E2D-28EF604DACB3}.AppStore|x86.Deploy.0 = Debug|x86
		{D71E646B-837B-4C28-9E2D-28EF604DACB3}.Debug|Any CPU.ActiveCfg = Debug|x64
		{D71E646B-837B-4C28-9E2D-28EF604DACB3}.Debug|Any CPU.Build.0 = Debug|x64
		{D71E646B-837B-4C28-9E2D-28EF604DACB3}.Debug|Any CPU.Deploy.0 = Debug|x64
		{D71E646B-837B-4C28-9E2D-28EF604DACB3}.Debug|ARM.ActiveCfg = Debug|x64
		{D71E646B-837B-4C28-9E2D-28EF604DACB3}.Debug|ARM.Build.0 = Debug|x64
		{D71E646B-837B-4C28-9E2D-28EF604DACB3}.Debug|ARM.Deploy.0 = Debug|x64
		{D71E646B-837B-4C28-9E2D-28EF604DACB3}.Debug|ARM64.ActiveCfg = Debug|arm64
		{D71E646B-837B-4C28-9E2D-28EF604DACB3}.Debug|ARM64.Build.0 = Debug|arm64
		{D71E646B-837B-4C28-9E2D-28EF604DACB3}.Debug|ARM64.Deploy.0 = Debug|arm64
		{D71E646B-837B-4C28-9E2D-28EF604DACB3}.Debug|iPhone.ActiveCfg = Debug|x64
		{D71E646B-837B-4C28-9E2D-28EF604DACB3}.Debug|iPhone.Build.0 = Debug|x64
		{D71E646B-837B-4C28-9E2D-28EF604DACB3}.Debug|iPhone.Deploy.0 = Debug|x64
		{D71E646B-837B-4C28-9E2D-28EF604DACB3}.Debug|iPhoneSimulator.ActiveCfg = Debug|x64
		{D71E646B-837B-4C28-9E2D-28EF604DACB3}.Debug|iPhoneSimulator.Build.0 = Debug|x64
		{D71E646B-837B-4C28-9E2D-28EF604DACB3}.Debug|iPhoneSimulator.Deploy.0 = Debug|x64
		{D71E646B-837B-4C28-9E2D-28EF604DACB3}.Debug|x64.ActiveCfg = Debug|x64
		{D71E646B-837B-4C28-9E2D-28EF604DACB3}.Debug|x64.Build.0 = Debug|x64
		{D71E646B-837B-4C28-9E2D-28EF604DACB3}.Debug|x64.Deploy.0 = Debug|x64
		{D71E646B-837B-4C28-9E2D-28EF604DACB3}.Debug|x86.ActiveCfg = Debug|x86
		{D71E646B-837B-4C28-9E2D-28EF604DACB3}.Debug|x86.Build.0 = Debug|x86
		{D71E646B-837B-4C28-9E2D-28EF604DACB3}.Debug|x86.Deploy.0 = Debug|x86
		{D71E646B-837B-4C28-9E2D-28EF604DACB3}.Release|Any CPU.ActiveCfg = Release|x64
		{D71E646B-837B-4C28-9E2D-28EF604DACB3}.Release|Any CPU.Build.0 = Release|x64
		{D71E646B-837B-4C28-9E2D-28EF604DACB3}.Release|Any CPU.Deploy.0 = Release|x64
		{D71E646B-837B-4C28-9E2D-28EF604DACB3}.Release|ARM.ActiveCfg = Release|x64
		{D71E646B-837B-4C28-9E2D-28EF604DACB3}.Release|ARM.Build.0 = Release|x64
		{D71E646B-837B-4C28-9E2D-28EF604DACB3}.Release|ARM.Deploy.0 = Release|x64
		{D71E646B-837B-4C28-9E2D-28EF604DACB3}.Release|ARM64.ActiveCfg = Release|arm64
		{D71E646B-837B-4C28-9E2D-28EF604DACB3}.Release|ARM64.Build.0 = Release|arm64
		{D71E646B-837B-4C28-9E2D-28EF604DACB3}.Release|ARM64.Deploy.0 = Release|arm64
		{D71E646B-837B-4C28-9E2D-28EF604DACB3}.Release|iPhone.ActiveCfg = Release|x64
		{D71E646B-837B-4C28-9E2D-28EF604DACB3}.Release|iPhone.Build.0 = Release|x64
		{D71E646B-837B-4C28-9E2D-28EF604DACB3}.Release|iPhone.Deploy.0 = Release|x64
		{D71E646B-837B-4C28-9E2D-28EF604DACB3}.Release|iPhoneSimulator.ActiveCfg = Release|x64
		{D71E646B-837B-4C28-9E2D-28EF604DACB3}.Release|iPhoneSimulator.Build.0 = Release|x64
		{D71E646B-837B-4C28-9E2D-28EF604DACB3}.Release|iPhoneSimulator.Deploy.0 = Release|x64
		{D71E646B-837B-4C28-9E2D-28EF604DACB3}.Release|x64.ActiveCfg = Release|x64
		{D71E646B-837B-4C28-9E2D-28EF604DACB3}.Release|x64.Build.0 = Release|x64
		{D71E646B-837B-4C28-9E2D-28EF604DACB3}.Release|x64.Deploy.0 = Release|x64
		{D71E646B-837B-4C28-9E2D-28EF604DACB3}.Release|x86.ActiveCfg = Release|x86
		{D71E646B-837B-4C28-9E2D-28EF604DACB3}.Release|x86.Build.0 = Release|x86
		{D71E646B-837B-4C28-9E2D-28EF604DACB3}.Release|x86.Deploy.0 = Release|x86
	EndGlobalSection
	GlobalSection(SolutionProperties) = preSolution
		HideSolutionNode = FALSE
	EndGlobalSection
	GlobalSection(NestedProjects) = preSolution
		{E20328D9-A622-4C22-8619-9F94C0F1225B} = {BEC483DA-4F19-4ECC-ABC2-1BEDC8048DE3}
		{400675CD-8B0E-4E17-89EB-0B1CC4A7EC64} = {BEC483DA-4F19-4ECC-ABC2-1BEDC8048DE3}
		{40EA03F7-8A22-4143-B251-79BAC3EB13D2} = {BEC483DA-4F19-4ECC-ABC2-1BEDC8048DE3}
		{1AA13270-F438-4864-9435-54FD806E10EA} = {BEC483DA-4F19-4ECC-ABC2-1BEDC8048DE3}
		{D71E646B-837B-4C28-9E2D-28EF604DACB3} = {BEC483DA-4F19-4ECC-ABC2-1BEDC8048DE3}
	EndGlobalSection
	GlobalSection(ExtensibilityGlobals) = postSolution
		SolutionGuid = {C7433AE2-B1A0-4C1A-887E-5CAA7AAF67A6}
	EndGlobalSection
	GlobalSection(SharedMSBuildProjectFiles) = preSolution
		CoffeeBrowser.Shared\CoffeeBrowser.Shared.projitems*{1aa13270-f438-4864-9435-54fd806e10ea}*SharedItemsImports = 5
		CoffeeBrowser.Shared\CoffeeBrowser.Shared.projitems*{400675cd-8b0e-4e17-89eb-0b1cc4a7ec64}*SharedItemsImports = 4
		CoffeeBrowser.Shared\CoffeeBrowser.Shared.projitems*{40ea03f7-8a22-4143-b251-79bac3eb13d2}*SharedItemsImports = 5
		CoffeeBrowser.Shared\CoffeeBrowser.Shared.projitems*{6279c845-92f8-4333-ab99-3d213163593c}*SharedItemsImports = 13
		CoffeeBrowser.Shared\CoffeeBrowser.Shared.projitems*{e20328d9-a622-4c22-8619-9f94c0f1225b}*SharedItemsImports = 4
	EndGlobalSection
EndGlobal
